
Microsoft Visual Studio Solution File, Format Version 12.00
# Visual Studio Version 16
VisualStudioVersion = 16.0.28803.156
MinimumVisualStudioVersion = 10.0.40219.1
Project("{2150E333-8FDC-42A3-9474-1A3956D46DE8}") = "_Solution Items", "_Solution Items", "{03C8835F-936C-4AF7-87AE-FF92BDBE8B9B}"
	ProjectSection(SolutionItems) = preProject
		__TODO.txt = __TODO.txt
		_DB_NOTES.txt = _DB_NOTES.txt
		REFERENCE.txt = REFERENCE.txt
	EndProjectSection
EndProject
Project("{2150E333-8FDC-42A3-9474-1A3956D46DE8}") = "5 Domain Utilities (db aware)", "5 Domain Utilities (db aware)", "{41CDCC73-9B81-49DD-9570-C54406E852AF}"
EndProject
Project("{2150E333-8FDC-42A3-9474-1A3956D46DE8}") = "6 Application", "6 Application", "{8679CAC8-9164-4007-BDD2-F004810EDA14}"
EndProject
Project("{2150E333-8FDC-42A3-9474-1A3956D46DE8}") = "1 Core Libraries", "1 Core Libraries", "{43E3ACB3-E0BC-4370-8DBB-E3720C8C8FD1}"
EndProject
Project("{2150E333-8FDC-42A3-9474-1A3956D46DE8}") = "4 Domain (db)", "4 Domain (db)", "{751093DD-5DBA-463E-ADBE-E05FAFB6983E}"
EndProject
Project("{2150E333-8FDC-42A3-9474-1A3956D46DE8}") = "2 Utilities (domain ignorant)", "2 Utilities (domain ignorant)", "{7FBBB086-0807-4998-85BF-6D1A49C8AD05}"
EndProject
Project("{9A19103F-16F7-4668-BE54-9A1E7A4F7556}") = "AaxDecrypter", "AaxDecrypter\AaxDecrypter.csproj", "{8BD8E012-F44F-4EE2-A234-D66C14D5FE4B}"
EndProject
Project("{9A19103F-16F7-4668-BE54-9A1E7A4F7556}") = "FileManager", "FileManager\FileManager.csproj", "{1AE65B61-9C05-4C80-ABFF-48F16E22FDF1}"
EndProject
Project("{9A19103F-16F7-4668-BE54-9A1E7A4F7556}") = "DataLayer", "DataLayer\DataLayer.csproj", "{59A10DF3-63EC-43F1-A3BF-4000CFA118D2}"
EndProject
Project("{9A19103F-16F7-4668-BE54-9A1E7A4F7556}") = "FileLiberator", "FileLiberator\FileLiberator.csproj", "{393B5B27-D15C-4F77-9457-FA14BA8F3C73}"
EndProject
Project("{9A19103F-16F7-4668-BE54-9A1E7A4F7556}") = "InternalUtilities", "InternalUtilities\InternalUtilities.csproj", "{06882742-27A6-4347-97D9-56162CEC9C11}"
EndProject
Project("{2150E333-8FDC-42A3-9474-1A3956D46DE8}") = "3 Domain Internal Utilities (db ignorant)", "3 Domain Internal Utilities (db ignorant)", "{F0CBB7A7-D3FB-41FF-8F47-CF3F6A592249}"
EndProject
Project("{9A19103F-16F7-4668-BE54-9A1E7A4F7556}") = "LibationSearchEngine", "LibationSearchEngine\LibationSearchEngine.csproj", "{2E1F5DB4-40CC-4804-A893-5DCE0193E598}"
EndProject
Project("{2150E333-8FDC-42A3-9474-1A3956D46DE8}") = "0 Tests", "0 Tests", "{38E6C6D9-963A-4C5B-89F4-F2F14885ADFD}"
EndProject
Project("{2150E333-8FDC-42A3-9474-1A3956D46DE8}") = "0 Demos and Examples", "0 Demos and Examples", "{F61184E7-2426-4A13-ACEF-5689928E2CE2}"
EndProject
Project("{9A19103F-16F7-4668-BE54-9A1E7A4F7556}") = "Dinah.Core.Demos", "..\Dinah.Core\_Demos\Dinah.Core.Demos\Dinah.Core.Demos.csproj", "{9F1AA3DE-962F-469B-82B2-46F93491389B}"
EndProject
Project("{9A19103F-16F7-4668-BE54-9A1E7A4F7556}") = "Dinah.Core.Tests", "..\Dinah.Core\_Tests\Dinah.Core.Tests\Dinah.Core.Tests.csproj", "{E874D000-AD3A-4629-AC65-7219C2C7C1F0}"
EndProject
Project("{9A19103F-16F7-4668-BE54-9A1E7A4F7556}") = "TestCommon", "..\Dinah.Core\_Tests\TestCommon\TestCommon.csproj", "{FF12ADA0-8975-4E67-B6EA-4AC82E0C8994}"
EndProject
Project("{9A19103F-16F7-4668-BE54-9A1E7A4F7556}") = "GitAllRepos", "..\GitAllRepos\GitAllRepos\GitAllRepos.csproj", "{AD1FDDC9-8D2A-436A-8EED-91FD74E7C7B4}"
EndProject
Project("{9A19103F-16F7-4668-BE54-9A1E7A4F7556}") = "AudibleApi", "..\audible api\AudibleApi\AudibleApi\AudibleApi.csproj", "{7EA01F9C-E579-4B01-A3B9-733B49DD0B60}"
EndProject
Project("{9A19103F-16F7-4668-BE54-9A1E7A4F7556}") = "AudibleApi.Tests", "..\audible api\AudibleApi\_Tests\AudibleApi.Tests\AudibleApi.Tests.csproj", "{111420E2-D4F0-4068-B46A-C4B6DCC823DC}"
EndProject
Project("{9A19103F-16F7-4668-BE54-9A1E7A4F7556}") = "LibationWinForms", "LibationWinForms\LibationWinForms.csproj", "{635F00E1-AAD1-45F7-BEB7-D909AD33B9F6}"
EndProject
Project("{FAE04EC0-301F-11D3-BF4B-00C04F79EFBC}") = "WinFormsDesigner", "WinFormsDesigner\WinFormsDesigner.csproj", "{0807616A-A77A-4B08-A65A-1582B09E114B}"
EndProject
Project("{9A19103F-16F7-4668-BE54-9A1E7A4F7556}") = "Dinah.Core", "..\Dinah.Core\Dinah.Core\Dinah.Core.csproj", "{9E951521-2587-4FC6-AD26-FAA9179FB6C4}"
EndProject
Project("{9A19103F-16F7-4668-BE54-9A1E7A4F7556}") = "Dinah.EntityFrameworkCore", "..\Dinah.Core\Dinah.EntityFrameworkCore\Dinah.EntityFrameworkCore.csproj", "{1255D9BA-CE6E-42E4-A253-6376540B9661}"
EndProject
Project("{9A19103F-16F7-4668-BE54-9A1E7A4F7556}") = "LuceneNet303r2", "..\LuceneNet303r2\LuceneNet303r2\LuceneNet303r2.csproj", "{35803735-B669-4090-9681-CC7F7FABDC71}"
EndProject
Project("{9A19103F-16F7-4668-BE54-9A1E7A4F7556}") = "LuceneNet303r2.Tests", "..\LuceneNet303r2\LuceneNet303r2.Tests\LuceneNet303r2.Tests.csproj", "{5A7681A5-60D9-480B-9AC7-63E0812A2548}"
EndProject
Project("{9A19103F-16F7-4668-BE54-9A1E7A4F7556}") = "DtoImporterService", "DtoImporterService\DtoImporterService.csproj", "{401865F5-1942-4713-B230-04544C0A97B0}"
EndProject
Project("{9A19103F-16F7-4668-BE54-9A1E7A4F7556}") = "AudibleApiDTOs", "..\audible api\AudibleApi\AudibleApiDTOs\AudibleApiDTOs.csproj", "{C03C5D65-3B7F-453B-972F-23950B7E0604}"
EndProject
Project("{9A19103F-16F7-4668-BE54-9A1E7A4F7556}") = "AudibleApiDTOs.Tests", "..\audible api\AudibleApi\_Tests\AudibleApiDTOs.Tests\AudibleApiDTOs.Tests.csproj", "{6069D7F6-BEA0-4917-AFD4-4EB680CB0EDD}"
EndProject
Project("{9A19103F-16F7-4668-BE54-9A1E7A4F7556}") = "AudibleApiClientExample", "..\audible api\AudibleApi\_Demos\AudibleApiClientExample\AudibleApiClientExample.csproj", "{282EEE16-F569-47E1-992F-C6DB8AEC7AA6}"
EndProject
Project("{9A19103F-16F7-4668-BE54-9A1E7A4F7556}") = "ApplicationServices", "ApplicationServices\ApplicationServices.csproj", "{B95650EA-25F0-449E-BA5D-99126BC5D730}"
EndProject
Project("{9A19103F-16F7-4668-BE54-9A1E7A4F7556}") = "Dinah.Core.WindowsDesktop", "..\Dinah.Core\Dinah.Core.WindowsDesktop\Dinah.Core.WindowsDesktop.csproj", "{059CE32C-9AD6-45E9-A166-790DFFB0B730}"
EndProject
Project("{9A19103F-16F7-4668-BE54-9A1E7A4F7556}") = "LibationLauncher", "LibationLauncher\LibationLauncher.csproj", "{F3B04A3A-20C8-4582-A54A-715AF6A5D859}"
EndProject
Project("{2150E333-8FDC-42A3-9474-1A3956D46DE8}") = "0 Libation Tests", "0 Libation Tests", "{67E66E82-5532-4440-AFB3-9FB1DF9DEF53}"
EndProject
Project("{9A19103F-16F7-4668-BE54-9A1E7A4F7556}") = "InternalUtilities.Tests", "_Tests\InternalUtilities.Tests\InternalUtilities.Tests.csproj", "{8447C956-B03E-4F59-9DD4-877793B849D9}"
EndProject
Project("{9A19103F-16F7-4668-BE54-9A1E7A4F7556}") = "LibationSearchEngine.Tests", "_Tests\LibationSearchEngine.Tests\LibationSearchEngine.Tests.csproj", "{C5B21768-C7C9-4FCB-AC1E-187B223D5A98}"
EndProject
Project("{9A19103F-16F7-4668-BE54-9A1E7A4F7556}") = "Dinah.EntityFrameworkCore.Tests", "..\Dinah.Core\_Tests\Dinah.EntityFrameworkCore.Tests\Dinah.EntityFrameworkCore.Tests.csproj", "{6F5131A0-09AE-4707-B82B-5E53CB74688E}"
EndProject
Project("{9A19103F-16F7-4668-BE54-9A1E7A4F7556}") = "AAXClean", "..\AAXClean\AAXClean.csproj", "{94BEB7CC-511D-45AB-9F09-09BE858EE486}"
EndProject
Project("{9A19103F-16F7-4668-BE54-9A1E7A4F7556}") = "Hoopla", "Hoopla\Hoopla.csproj", "{D8F56E5A-3E65-41A6-B7E7-C4515A264B1F}"
EndProject
Global
	GlobalSection(SolutionConfigurationPlatforms) = preSolution
		Debug|Any CPU = Debug|Any CPU
		Release|Any CPU = Release|Any CPU
	EndGlobalSection
	GlobalSection(ProjectConfigurationPlatforms) = postSolution
		{8BD8E012-F44F-4EE2-A234-D66C14D5FE4B}.Debug|Any CPU.ActiveCfg = Debug|Any CPU
		{8BD8E012-F44F-4EE2-A234-D66C14D5FE4B}.Debug|Any CPU.Build.0 = Debug|Any CPU
		{8BD8E012-F44F-4EE2-A234-D66C14D5FE4B}.Release|Any CPU.ActiveCfg = Release|Any CPU
		{8BD8E012-F44F-4EE2-A234-D66C14D5FE4B}.Release|Any CPU.Build.0 = Release|Any CPU
		{1AE65B61-9C05-4C80-ABFF-48F16E22FDF1}.Debug|Any CPU.ActiveCfg = Debug|Any CPU
		{1AE65B61-9C05-4C80-ABFF-48F16E22FDF1}.Debug|Any CPU.Build.0 = Debug|Any CPU
		{1AE65B61-9C05-4C80-ABFF-48F16E22FDF1}.Release|Any CPU.ActiveCfg = Release|Any CPU
		{1AE65B61-9C05-4C80-ABFF-48F16E22FDF1}.Release|Any CPU.Build.0 = Release|Any CPU
		{59A10DF3-63EC-43F1-A3BF-4000CFA118D2}.Debug|Any CPU.ActiveCfg = Debug|Any CPU
		{59A10DF3-63EC-43F1-A3BF-4000CFA118D2}.Debug|Any CPU.Build.0 = Debug|Any CPU
		{59A10DF3-63EC-43F1-A3BF-4000CFA118D2}.Release|Any CPU.ActiveCfg = Release|Any CPU
		{59A10DF3-63EC-43F1-A3BF-4000CFA118D2}.Release|Any CPU.Build.0 = Release|Any CPU
		{393B5B27-D15C-4F77-9457-FA14BA8F3C73}.Debug|Any CPU.ActiveCfg = Debug|Any CPU
		{393B5B27-D15C-4F77-9457-FA14BA8F3C73}.Debug|Any CPU.Build.0 = Debug|Any CPU
		{393B5B27-D15C-4F77-9457-FA14BA8F3C73}.Release|Any CPU.ActiveCfg = Release|Any CPU
		{393B5B27-D15C-4F77-9457-FA14BA8F3C73}.Release|Any CPU.Build.0 = Release|Any CPU
		{06882742-27A6-4347-97D9-56162CEC9C11}.Debug|Any CPU.ActiveCfg = Debug|Any CPU
		{06882742-27A6-4347-97D9-56162CEC9C11}.Debug|Any CPU.Build.0 = Debug|Any CPU
		{06882742-27A6-4347-97D9-56162CEC9C11}.Release|Any CPU.ActiveCfg = Release|Any CPU
		{06882742-27A6-4347-97D9-56162CEC9C11}.Release|Any CPU.Build.0 = Release|Any CPU
		{2E1F5DB4-40CC-4804-A893-5DCE0193E598}.Debug|Any CPU.ActiveCfg = Debug|Any CPU
		{2E1F5DB4-40CC-4804-A893-5DCE0193E598}.Debug|Any CPU.Build.0 = Debug|Any CPU
		{2E1F5DB4-40CC-4804-A893-5DCE0193E598}.Release|Any CPU.ActiveCfg = Release|Any CPU
		{2E1F5DB4-40CC-4804-A893-5DCE0193E598}.Release|Any CPU.Build.0 = Release|Any CPU
		{9F1AA3DE-962F-469B-82B2-46F93491389B}.Debug|Any CPU.ActiveCfg = Debug|Any CPU
		{9F1AA3DE-962F-469B-82B2-46F93491389B}.Debug|Any CPU.Build.0 = Debug|Any CPU
		{9F1AA3DE-962F-469B-82B2-46F93491389B}.Release|Any CPU.ActiveCfg = Release|Any CPU
		{9F1AA3DE-962F-469B-82B2-46F93491389B}.Release|Any CPU.Build.0 = Release|Any CPU
		{E874D000-AD3A-4629-AC65-7219C2C7C1F0}.Debug|Any CPU.ActiveCfg = Debug|Any CPU
		{E874D000-AD3A-4629-AC65-7219C2C7C1F0}.Debug|Any CPU.Build.0 = Debug|Any CPU
		{E874D000-AD3A-4629-AC65-7219C2C7C1F0}.Release|Any CPU.ActiveCfg = Release|Any CPU
		{E874D000-AD3A-4629-AC65-7219C2C7C1F0}.Release|Any CPU.Build.0 = Release|Any CPU
		{FF12ADA0-8975-4E67-B6EA-4AC82E0C8994}.Debug|Any CPU.ActiveCfg = Debug|Any CPU
		{FF12ADA0-8975-4E67-B6EA-4AC82E0C8994}.Debug|Any CPU.Build.0 = Debug|Any CPU
		{FF12ADA0-8975-4E67-B6EA-4AC82E0C8994}.Release|Any CPU.ActiveCfg = Release|Any CPU
		{FF12ADA0-8975-4E67-B6EA-4AC82E0C8994}.Release|Any CPU.Build.0 = Release|Any CPU
		{AD1FDDC9-8D2A-436A-8EED-91FD74E7C7B4}.Debug|Any CPU.ActiveCfg = Debug|Any CPU
		{AD1FDDC9-8D2A-436A-8EED-91FD74E7C7B4}.Debug|Any CPU.Build.0 = Debug|Any CPU
		{AD1FDDC9-8D2A-436A-8EED-91FD74E7C7B4}.Release|Any CPU.ActiveCfg = Release|Any CPU
		{AD1FDDC9-8D2A-436A-8EED-91FD74E7C7B4}.Release|Any CPU.Build.0 = Release|Any CPU
		{7EA01F9C-E579-4B01-A3B9-733B49DD0B60}.Debug|Any CPU.ActiveCfg = Debug|Any CPU
		{7EA01F9C-E579-4B01-A3B9-733B49DD0B60}.Debug|Any CPU.Build.0 = Debug|Any CPU
		{7EA01F9C-E579-4B01-A3B9-733B49DD0B60}.Release|Any CPU.ActiveCfg = Release|Any CPU
		{7EA01F9C-E579-4B01-A3B9-733B49DD0B60}.Release|Any CPU.Build.0 = Release|Any CPU
		{111420E2-D4F0-4068-B46A-C4B6DCC823DC}.Debug|Any CPU.ActiveCfg = Debug|Any CPU
		{111420E2-D4F0-4068-B46A-C4B6DCC823DC}.Debug|Any CPU.Build.0 = Debug|Any CPU
		{111420E2-D4F0-4068-B46A-C4B6DCC823DC}.Release|Any CPU.ActiveCfg = Release|Any CPU
		{111420E2-D4F0-4068-B46A-C4B6DCC823DC}.Release|Any CPU.Build.0 = Release|Any CPU
		{635F00E1-AAD1-45F7-BEB7-D909AD33B9F6}.Debug|Any CPU.ActiveCfg = Debug|Any CPU
		{635F00E1-AAD1-45F7-BEB7-D909AD33B9F6}.Debug|Any CPU.Build.0 = Debug|Any CPU
		{635F00E1-AAD1-45F7-BEB7-D909AD33B9F6}.Release|Any CPU.ActiveCfg = Release|Any CPU
		{635F00E1-AAD1-45F7-BEB7-D909AD33B9F6}.Release|Any CPU.Build.0 = Release|Any CPU
		{0807616A-A77A-4B08-A65A-1582B09E114B}.Debug|Any CPU.ActiveCfg = Debug|Any CPU
		{0807616A-A77A-4B08-A65A-1582B09E114B}.Debug|Any CPU.Build.0 = Debug|Any CPU
		{0807616A-A77A-4B08-A65A-1582B09E114B}.Release|Any CPU.ActiveCfg = Release|Any CPU
		{0807616A-A77A-4B08-A65A-1582B09E114B}.Release|Any CPU.Build.0 = Release|Any CPU
		{9E951521-2587-4FC6-AD26-FAA9179FB6C4}.Debug|Any CPU.ActiveCfg = Debug|Any CPU
		{9E951521-2587-4FC6-AD26-FAA9179FB6C4}.Debug|Any CPU.Build.0 = Debug|Any CPU
		{9E951521-2587-4FC6-AD26-FAA9179FB6C4}.Release|Any CPU.ActiveCfg = Release|Any CPU
		{9E951521-2587-4FC6-AD26-FAA9179FB6C4}.Release|Any CPU.Build.0 = Release|Any CPU
		{1255D9BA-CE6E-42E4-A253-6376540B9661}.Debug|Any CPU.ActiveCfg = Debug|Any CPU
		{1255D9BA-CE6E-42E4-A253-6376540B9661}.Debug|Any CPU.Build.0 = Debug|Any CPU
		{1255D9BA-CE6E-42E4-A253-6376540B9661}.Release|Any CPU.ActiveCfg = Release|Any CPU
		{1255D9BA-CE6E-42E4-A253-6376540B9661}.Release|Any CPU.Build.0 = Release|Any CPU
		{35803735-B669-4090-9681-CC7F7FABDC71}.Debug|Any CPU.ActiveCfg = Debug|Any CPU
		{35803735-B669-4090-9681-CC7F7FABDC71}.Debug|Any CPU.Build.0 = Debug|Any CPU
		{35803735-B669-4090-9681-CC7F7FABDC71}.Release|Any CPU.ActiveCfg = Release|Any CPU
		{35803735-B669-4090-9681-CC7F7FABDC71}.Release|Any CPU.Build.0 = Release|Any CPU
		{5A7681A5-60D9-480B-9AC7-63E0812A2548}.Debug|Any CPU.ActiveCfg = Debug|Any CPU
		{5A7681A5-60D9-480B-9AC7-63E0812A2548}.Debug|Any CPU.Build.0 = Debug|Any CPU
		{5A7681A5-60D9-480B-9AC7-63E0812A2548}.Release|Any CPU.ActiveCfg = Release|Any CPU
		{5A7681A5-60D9-480B-9AC7-63E0812A2548}.Release|Any CPU.Build.0 = Release|Any CPU
		{401865F5-1942-4713-B230-04544C0A97B0}.Debug|Any CPU.ActiveCfg = Debug|Any CPU
		{401865F5-1942-4713-B230-04544C0A97B0}.Debug|Any CPU.Build.0 = Debug|Any CPU
		{401865F5-1942-4713-B230-04544C0A97B0}.Release|Any CPU.ActiveCfg = Release|Any CPU
		{401865F5-1942-4713-B230-04544C0A97B0}.Release|Any CPU.Build.0 = Release|Any CPU
		{C03C5D65-3B7F-453B-972F-23950B7E0604}.Debug|Any CPU.ActiveCfg = Debug|Any CPU
		{C03C5D65-3B7F-453B-972F-23950B7E0604}.Debug|Any CPU.Build.0 = Debug|Any CPU
		{C03C5D65-3B7F-453B-972F-23950B7E0604}.Release|Any CPU.ActiveCfg = Release|Any CPU
		{C03C5D65-3B7F-453B-972F-23950B7E0604}.Release|Any CPU.Build.0 = Release|Any CPU
		{6069D7F6-BEA0-4917-AFD4-4EB680CB0EDD}.Debug|Any CPU.ActiveCfg = Debug|Any CPU
		{6069D7F6-BEA0-4917-AFD4-4EB680CB0EDD}.Debug|Any CPU.Build.0 = Debug|Any CPU
		{6069D7F6-BEA0-4917-AFD4-4EB680CB0EDD}.Release|Any CPU.ActiveCfg = Release|Any CPU
		{6069D7F6-BEA0-4917-AFD4-4EB680CB0EDD}.Release|Any CPU.Build.0 = Release|Any CPU
		{282EEE16-F569-47E1-992F-C6DB8AEC7AA6}.Debug|Any CPU.ActiveCfg = Debug|Any CPU
		{282EEE16-F569-47E1-992F-C6DB8AEC7AA6}.Debug|Any CPU.Build.0 = Debug|Any CPU
		{282EEE16-F569-47E1-992F-C6DB8AEC7AA6}.Release|Any CPU.ActiveCfg = Release|Any CPU
		{282EEE16-F569-47E1-992F-C6DB8AEC7AA6}.Release|Any CPU.Build.0 = Release|Any CPU
		{B95650EA-25F0-449E-BA5D-99126BC5D730}.Debug|Any CPU.ActiveCfg = Debug|Any CPU
		{B95650EA-25F0-449E-BA5D-99126BC5D730}.Debug|Any CPU.Build.0 = Debug|Any CPU
		{B95650EA-25F0-449E-BA5D-99126BC5D730}.Release|Any CPU.ActiveCfg = Release|Any CPU
		{B95650EA-25F0-449E-BA5D-99126BC5D730}.Release|Any CPU.Build.0 = Release|Any CPU
		{059CE32C-9AD6-45E9-A166-790DFFB0B730}.Debug|Any CPU.ActiveCfg = Debug|Any CPU
		{059CE32C-9AD6-45E9-A166-790DFFB0B730}.Debug|Any CPU.Build.0 = Debug|Any CPU
		{059CE32C-9AD6-45E9-A166-790DFFB0B730}.Release|Any CPU.ActiveCfg = Release|Any CPU
		{059CE32C-9AD6-45E9-A166-790DFFB0B730}.Release|Any CPU.Build.0 = Release|Any CPU
		{F3B04A3A-20C8-4582-A54A-715AF6A5D859}.Debug|Any CPU.ActiveCfg = Debug|Any CPU
		{F3B04A3A-20C8-4582-A54A-715AF6A5D859}.Debug|Any CPU.Build.0 = Debug|Any CPU
		{F3B04A3A-20C8-4582-A54A-715AF6A5D859}.Release|Any CPU.ActiveCfg = Release|Any CPU
		{F3B04A3A-20C8-4582-A54A-715AF6A5D859}.Release|Any CPU.Build.0 = Release|Any CPU
		{8447C956-B03E-4F59-9DD4-877793B849D9}.Debug|Any CPU.ActiveCfg = Debug|Any CPU
		{8447C956-B03E-4F59-9DD4-877793B849D9}.Debug|Any CPU.Build.0 = Debug|Any CPU
		{8447C956-B03E-4F59-9DD4-877793B849D9}.Release|Any CPU.ActiveCfg = Release|Any CPU
		{8447C956-B03E-4F59-9DD4-877793B849D9}.Release|Any CPU.Build.0 = Release|Any CPU
		{C5B21768-C7C9-4FCB-AC1E-187B223D5A98}.Debug|Any CPU.ActiveCfg = Debug|Any CPU
		{C5B21768-C7C9-4FCB-AC1E-187B223D5A98}.Debug|Any CPU.Build.0 = Debug|Any CPU
		{C5B21768-C7C9-4FCB-AC1E-187B223D5A98}.Release|Any CPU.ActiveCfg = Release|Any CPU
		{C5B21768-C7C9-4FCB-AC1E-187B223D5A98}.Release|Any CPU.Build.0 = Release|Any CPU
		{6F5131A0-09AE-4707-B82B-5E53CB74688E}.Debug|Any CPU.ActiveCfg = Debug|Any CPU
		{6F5131A0-09AE-4707-B82B-5E53CB74688E}.Debug|Any CPU.Build.0 = Debug|Any CPU
		{6F5131A0-09AE-4707-B82B-5E53CB74688E}.Release|Any CPU.ActiveCfg = Release|Any CPU
		{6F5131A0-09AE-4707-B82B-5E53CB74688E}.Release|Any CPU.Build.0 = Release|Any CPU
		{94BEB7CC-511D-45AB-9F09-09BE858EE486}.Debug|Any CPU.ActiveCfg = Debug|Any CPU
		{94BEB7CC-511D-45AB-9F09-09BE858EE486}.Debug|Any CPU.Build.0 = Debug|Any CPU
		{94BEB7CC-511D-45AB-9F09-09BE858EE486}.Release|Any CPU.ActiveCfg = Release|Any CPU
		{94BEB7CC-511D-45AB-9F09-09BE858EE486}.Release|Any CPU.Build.0 = Release|Any CPU
		{D8F56E5A-3E65-41A6-B7E7-C4515A264B1F}.Debug|Any CPU.ActiveCfg = Debug|Any CPU
		{D8F56E5A-3E65-41A6-B7E7-C4515A264B1F}.Debug|Any CPU.Build.0 = Debug|Any CPU
		{D8F56E5A-3E65-41A6-B7E7-C4515A264B1F}.Release|Any CPU.ActiveCfg = Release|Any CPU
		{D8F56E5A-3E65-41A6-B7E7-C4515A264B1F}.Release|Any CPU.Build.0 = Release|Any CPU
	EndGlobalSection
	GlobalSection(SolutionProperties) = preSolution
		HideSolutionNode = FALSE
	EndGlobalSection
	GlobalSection(NestedProjects) = preSolution
		{8BD8E012-F44F-4EE2-A234-D66C14D5FE4B} = {7FBBB086-0807-4998-85BF-6D1A49C8AD05}
		{1AE65B61-9C05-4C80-ABFF-48F16E22FDF1} = {7FBBB086-0807-4998-85BF-6D1A49C8AD05}
		{59A10DF3-63EC-43F1-A3BF-4000CFA118D2} = {751093DD-5DBA-463E-ADBE-E05FAFB6983E}
		{393B5B27-D15C-4F77-9457-FA14BA8F3C73} = {7FBBB086-0807-4998-85BF-6D1A49C8AD05}
		{06882742-27A6-4347-97D9-56162CEC9C11} = {F0CBB7A7-D3FB-41FF-8F47-CF3F6A592249}
		{2E1F5DB4-40CC-4804-A893-5DCE0193E598} = {41CDCC73-9B81-49DD-9570-C54406E852AF}
		{9F1AA3DE-962F-469B-82B2-46F93491389B} = {F61184E7-2426-4A13-ACEF-5689928E2CE2}
		{E874D000-AD3A-4629-AC65-7219C2C7C1F0} = {38E6C6D9-963A-4C5B-89F4-F2F14885ADFD}
		{FF12ADA0-8975-4E67-B6EA-4AC82E0C8994} = {38E6C6D9-963A-4C5B-89F4-F2F14885ADFD}
		{AD1FDDC9-8D2A-436A-8EED-91FD74E7C7B4} = {38E6C6D9-963A-4C5B-89F4-F2F14885ADFD}
		{7EA01F9C-E579-4B01-A3B9-733B49DD0B60} = {7FBBB086-0807-4998-85BF-6D1A49C8AD05}
		{111420E2-D4F0-4068-B46A-C4B6DCC823DC} = {38E6C6D9-963A-4C5B-89F4-F2F14885ADFD}
		{635F00E1-AAD1-45F7-BEB7-D909AD33B9F6} = {8679CAC8-9164-4007-BDD2-F004810EDA14}
		{0807616A-A77A-4B08-A65A-1582B09E114B} = {8679CAC8-9164-4007-BDD2-F004810EDA14}
		{9E951521-2587-4FC6-AD26-FAA9179FB6C4} = {43E3ACB3-E0BC-4370-8DBB-E3720C8C8FD1}
		{1255D9BA-CE6E-42E4-A253-6376540B9661} = {43E3ACB3-E0BC-4370-8DBB-E3720C8C8FD1}
		{35803735-B669-4090-9681-CC7F7FABDC71} = {7FBBB086-0807-4998-85BF-6D1A49C8AD05}
		{5A7681A5-60D9-480B-9AC7-63E0812A2548} = {38E6C6D9-963A-4C5B-89F4-F2F14885ADFD}
		{401865F5-1942-4713-B230-04544C0A97B0} = {41CDCC73-9B81-49DD-9570-C54406E852AF}
		{C03C5D65-3B7F-453B-972F-23950B7E0604} = {7FBBB086-0807-4998-85BF-6D1A49C8AD05}
		{6069D7F6-BEA0-4917-AFD4-4EB680CB0EDD} = {38E6C6D9-963A-4C5B-89F4-F2F14885ADFD}
		{282EEE16-F569-47E1-992F-C6DB8AEC7AA6} = {F61184E7-2426-4A13-ACEF-5689928E2CE2}
		{B95650EA-25F0-449E-BA5D-99126BC5D730} = {41CDCC73-9B81-49DD-9570-C54406E852AF}
		{059CE32C-9AD6-45E9-A166-790DFFB0B730} = {43E3ACB3-E0BC-4370-8DBB-E3720C8C8FD1}
		{F3B04A3A-20C8-4582-A54A-715AF6A5D859} = {8679CAC8-9164-4007-BDD2-F004810EDA14}
		{8447C956-B03E-4F59-9DD4-877793B849D9} = {67E66E82-5532-4440-AFB3-9FB1DF9DEF53}
		{C5B21768-C7C9-4FCB-AC1E-187B223D5A98} = {67E66E82-5532-4440-AFB3-9FB1DF9DEF53}
		{6F5131A0-09AE-4707-B82B-5E53CB74688E} = {38E6C6D9-963A-4C5B-89F4-F2F14885ADFD}
		{94BEB7CC-511D-45AB-9F09-09BE858EE486} = {7FBBB086-0807-4998-85BF-6D1A49C8AD05}
		{D8F56E5A-3E65-41A6-B7E7-C4515A264B1F} = {7FBBB086-0807-4998-85BF-6D1A49C8AD05}
	EndGlobalSection
	GlobalSection(ExtensibilityGlobals) = postSolution
		SolutionGuid = {615E00ED-BAEF-4E8E-A92A-9B82D87942A9}
	EndGlobalSection
EndGlobal
