
Microsoft Visual Studio Solution File, Format Version 12.00
# Visual Studio Version 17
VisualStudioVersion = 17.0.31903.59
MinimumVisualStudioVersion = 10.0.40219.1
Project("{2150E333-8FDC-42A3-9474-1A3956D46DE8}") = "_Solution Items", "_Solution Items", "{03C8835F-936C-4AF7-87AE-FF92BDBE8B9B}"
	ProjectSection(SolutionItems) = preProject
		REFERENCE.txt = REFERENCE.txt
		_ARCHITECTURE NOTES.txt = _ARCHITECTURE NOTES.txt
		_AvaloniaUI Primer.txt = _AvaloniaUI Primer.txt
		_DB_NOTES.txt = _DB_NOTES.txt
		__README - COLLABORATORS.txt = __README - COLLABORATORS.txt
	EndProjectSection
EndProject
Project("{2150E333-8FDC-42A3-9474-1A3956D46DE8}") = "5 Domain Utilities (db aware)", "5 Domain Utilities (db aware)", "{41CDCC73-9B81-49DD-9570-C54406E852AF}"
EndProject
Project("{2150E333-8FDC-42A3-9474-1A3956D46DE8}") = "6 Application", "6 Application", "{8679CAC8-9164-4007-BDD2-F004810EDA14}"
EndProject
Project("{2150E333-8FDC-42A3-9474-1A3956D46DE8}") = "1 Core Libraries", "1 Core Libraries", "{43E3ACB3-E0BC-4370-8DBB-E3720C8C8FD1}"
EndProject
Project("{2150E333-8FDC-42A3-9474-1A3956D46DE8}") = "4 Domain (db)", "4 Domain (db)", "{751093DD-5DBA-463E-ADBE-E05FAFB6983E}"
EndProject
Project("{2150E333-8FDC-42A3-9474-1A3956D46DE8}") = "2 Utilities (domain ignorant)", "2 Utilities (domain ignorant)", "{7FBBB086-0807-4998-85BF-6D1A49C8AD05}"
EndProject
Project("{9A19103F-16F7-4668-BE54-9A1E7A4F7556}") = "AaxDecrypter", "AaxDecrypter\AaxDecrypter.csproj", "{8BD8E012-F44F-4EE2-A234-D66C14D5FE4B}"
EndProject
Project("{9A19103F-16F7-4668-BE54-9A1E7A4F7556}") = "LibationFileManager", "LibationFileManager\LibationFileManager.csproj", "{1AE65B61-9C05-4C80-ABFF-48F16E22FDF1}"
EndProject
Project("{9A19103F-16F7-4668-BE54-9A1E7A4F7556}") = "DataLayer", "DataLayer\DataLayer.csproj", "{59A10DF3-63EC-43F1-A3BF-4000CFA118D2}"
EndProject
Project("{9A19103F-16F7-4668-BE54-9A1E7A4F7556}") = "FileLiberator", "FileLiberator\FileLiberator.csproj", "{393B5B27-D15C-4F77-9457-FA14BA8F3C73}"
EndProject
Project("{9A19103F-16F7-4668-BE54-9A1E7A4F7556}") = "AudibleUtilities", "AudibleUtilities\AudibleUtilities.csproj", "{06882742-27A6-4347-97D9-56162CEC9C11}"
EndProject
Project("{2150E333-8FDC-42A3-9474-1A3956D46DE8}") = "3 Domain Internal Utilities (db ignorant)", "3 Domain Internal Utilities (db ignorant)", "{F0CBB7A7-D3FB-41FF-8F47-CF3F6A592249}"
EndProject
Project("{9A19103F-16F7-4668-BE54-9A1E7A4F7556}") = "LibationSearchEngine", "LibationSearchEngine\LibationSearchEngine.csproj", "{2E1F5DB4-40CC-4804-A893-5DCE0193E598}"
EndProject
Project("{9A19103F-16F7-4668-BE54-9A1E7A4F7556}") = "LibationWinForms", "LibationWinForms\LibationWinForms.csproj", "{635F00E1-AAD1-45F7-BEB7-D909AD33B9F6}"
	ProjectSection(ProjectDependencies) = postProject
		{40C67036-C1A7-4FDF-AA83-8EC902E257F3} = {40C67036-C1A7-4FDF-AA83-8EC902E257F3}
		{428163C3-D558-4914-B570-A92069521877} = {428163C3-D558-4914-B570-A92069521877}
	EndProjectSection
EndProject
Project("{9A19103F-16F7-4668-BE54-9A1E7A4F7556}") = "DtoImporterService", "DtoImporterService\DtoImporterService.csproj", "{401865F5-1942-4713-B230-04544C0A97B0}"
EndProject
Project("{9A19103F-16F7-4668-BE54-9A1E7A4F7556}") = "ApplicationServices", "ApplicationServices\ApplicationServices.csproj", "{B95650EA-25F0-449E-BA5D-99126BC5D730}"
EndProject
Project("{2150E333-8FDC-42A3-9474-1A3956D46DE8}") = "_Tests", "_Tests", "{67E66E82-5532-4440-AFB3-9FB1DF9DEF53}"
EndProject
Project("{9A19103F-16F7-4668-BE54-9A1E7A4F7556}") = "LibationSearchEngine.Tests", "_Tests\LibationSearchEngine.Tests\LibationSearchEngine.Tests.csproj", "{C5B21768-C7C9-4FCB-AC1E-187B223D5A98}"
EndProject
Project("{9A19103F-16F7-4668-BE54-9A1E7A4F7556}") = "LibationCli", "LibationCli\LibationCli.csproj", "{428163C3-D558-4914-B570-A92069521877}"
EndProject
Project("{9A19103F-16F7-4668-BE54-9A1E7A4F7556}") = "AppScaffolding", "AppScaffolding\AppScaffolding.csproj", "{595E7C4D-506D-486D-98B7-5FDDF398D033}"
EndProject
Project("{9A19103F-16F7-4668-BE54-9A1E7A4F7556}") = "FileManager", "FileManager\FileManager.csproj", "{E86014F9-E4B3-4CD4-A210-2B3DB571DD86}"
EndProject
Project("{9A19103F-16F7-4668-BE54-9A1E7A4F7556}") = "AudibleUtilities.Tests", "_Tests\AudibleUtilities.Tests\AudibleUtilities.Tests.csproj", "{788294BE-0D8E-40D4-9CEE-67896FBB52CE}"
EndProject
Project("{9A19103F-16F7-4668-BE54-9A1E7A4F7556}") = "FileLiberator.Tests", "_Tests\FileLiberator.Tests\FileLiberator.Tests.csproj", "{5B8FC827-BF58-4CB1-A59E-BDEB9C62A05E}"
EndProject
Project("{9A19103F-16F7-4668-BE54-9A1E7A4F7556}") = "FileManager.Tests", "_Tests\FileManager.Tests\FileManager.Tests.csproj", "{F2E04270-4551-41C4-99FF-E7125BED708C}"
EndProject
Project("{9A19103F-16F7-4668-BE54-9A1E7A4F7556}") = "LibationFileManager.Tests", "_Tests\LibationFileManager.Tests\LibationFileManager.Tests.csproj", "{EB781571-8548-477E-82AD-FB9FAB548D2F}"
EndProject
Project("{9A19103F-16F7-4668-BE54-9A1E7A4F7556}") = "HangoverWinForms", "HangoverWinForms\HangoverWinForms.csproj", "{40C67036-C1A7-4FDF-AA83-8EC902E257F3}"
EndProject
Project("{9A19103F-16F7-4668-BE54-9A1E7A4F7556}") = "LibationAvalonia", "LibationAvalonia\LibationAvalonia.csproj", "{F612D06F-3134-4B9B-95CD-EB3FC798AE60}"
EndProject
Project("{9A19103F-16F7-4668-BE54-9A1E7A4F7556}") = "HangoverAvalonia", "HangoverAvalonia\HangoverAvalonia.csproj", "{8A7B01D3-9830-44FD-91A1-D8D010996BEB}"
EndProject
Project("{9A19103F-16F7-4668-BE54-9A1E7A4F7556}") = "HangoverBase", "HangoverBase\HangoverBase.csproj", "{5C7005BA-7D83-4E99-8073-D970943A7D61}"
EndProject
Project("{2150E333-8FDC-42A3-9474-1A3956D46DE8}") = "_Demos", "_Demos", "{185AC9FF-381E-4AA1-B649-9771F4917214}"
EndProject
Project("{2150E333-8FDC-42A3-9474-1A3956D46DE8}") = "LoadByOS", "LoadByOS", "{59DF46F3-ECD0-43CA-AD12-3FEE8FCF9E4F}"
EndProject
Project("{9A19103F-16F7-4668-BE54-9A1E7A4F7556}") = "CrossPlatformClientExe", "_Demos\LoadByOS\CrossPlatformClientExe\CrossPlatformClientExe.csproj", "{CC275937-DFE4-4383-B1BF-1D5D42B70C98}"
EndProject
Project("{9A19103F-16F7-4668-BE54-9A1E7A4F7556}") = "LinuxConfigApp", "_Demos\LoadByOS\LinuxConfigApp\LinuxConfigApp.csproj", "{47325742-5B38-48E7-95FB-CD94E6E07332}"
EndProject
Project("{9A19103F-16F7-4668-BE54-9A1E7A4F7556}") = "WindowsConfigApp", "_Demos\LoadByOS\WindowsConfigApp\WindowsConfigApp.csproj", "{0520760A-9CFB-48A8-BCE4-6E951AFD6BE9}"
EndProject
Project("{2150E333-8FDC-42A3-9474-1A3956D46DE8}") = "LoadByOS", "LoadByOS", "{9B906374-1142-4D69-86FF-B384806CA5FE}"
	ProjectSection(SolutionItems) = preProject
		LoadByOS\README.txt = LoadByOS\README.txt
	EndProjectSection
EndProject
Project("{9A19103F-16F7-4668-BE54-9A1E7A4F7556}") = "LinuxConfigApp", "LoadByOS\LinuxConfigApp\LinuxConfigApp.csproj", "{357DF797-4EC2-4DBD-A4BD-D045277F2666}"
EndProject
Project("{9A19103F-16F7-4668-BE54-9A1E7A4F7556}") = "MacOSConfigApp", "LoadByOS\MacOSConfigApp\MacOSConfigApp.csproj", "{ECED4E13-B676-4277-8A8F-C8B2507B7D8C}"
EndProject
Project("{9A19103F-16F7-4668-BE54-9A1E7A4F7556}") = "WindowsConfigApp", "LoadByOS\WindowsConfigApp\WindowsConfigApp.csproj", "{5F65A509-26E3-4B02-B403-EEB6F0EF391F}"
EndProject
Project("{9A19103F-16F7-4668-BE54-9A1E7A4F7556}") = "LibationUiBase", "LibationUiBase\LibationUiBase.csproj", "{E90C4651-AF11-41B4-A839-10082D0391F9}"
EndProject
Project("{2150E333-8FDC-42A3-9474-1A3956D46DE8}") = "Hangover", "Hangover", "{FDDABAFE-35AD-42FC-AC95-0B1FE0DF0DDE}"
EndProject
Project("{2150E333-8FDC-42A3-9474-1A3956D46DE8}") = "Libation UI", "Libation UI", "{53758A35-1C7E-4702-9B96-433ABA457B37}"
EndProject
Project("{2150E333-8FDC-42A3-9474-1A3956D46DE8}") = "Libation CLI", "Libation CLI", "{47E27674-595D-4F7A-8CFB-127E768E1D1E}"
EndProject
Project("{9A19103F-16F7-4668-BE54-9A1E7A4F7556}") = "AudibleApi", "..\..\audible api\AudibleApi\AudibleApi\AudibleApi.csproj", "{DF6FBE88-A9A0-4CED-86B4-F35A130F349D}"
EndProject
Project("{9A19103F-16F7-4668-BE54-9A1E7A4F7556}") = "AudibleApi.Common", "..\..\audible api\AudibleApi\AudibleApi.Common\AudibleApi.Common.csproj", "{093E79B6-9A57-46FE-8406-DB16BADAD427}"
EndProject
Global
	GlobalSection(SolutionConfigurationPlatforms) = preSolution
		Debug|Any CPU = Debug|Any CPU
		Release|Any CPU = Release|Any CPU
	EndGlobalSection
	GlobalSection(ProjectConfigurationPlatforms) = postSolution
		{8BD8E012-F44F-4EE2-A234-D66C14D5FE4B}.Debug|Any CPU.ActiveCfg = Debug|Any CPU
		{8BD8E012-F44F-4EE2-A234-D66C14D5FE4B}.Debug|Any CPU.Build.0 = Debug|Any CPU
		{8BD8E012-F44F-4EE2-A234-D66C14D5FE4B}.Release|Any CPU.ActiveCfg = Release|Any CPU
		{8BD8E012-F44F-4EE2-A234-D66C14D5FE4B}.Release|Any CPU.Build.0 = Release|Any CPU
		{1AE65B61-9C05-4C80-ABFF-48F16E22FDF1}.Debug|Any CPU.ActiveCfg = Debug|Any CPU
		{1AE65B61-9C05-4C80-ABFF-48F16E22FDF1}.Debug|Any CPU.Build.0 = Debug|Any CPU
		{1AE65B61-9C05-4C80-ABFF-48F16E22FDF1}.Release|Any CPU.ActiveCfg = Release|Any CPU
		{1AE65B61-9C05-4C80-ABFF-48F16E22FDF1}.Release|Any CPU.Build.0 = Release|Any CPU
		{59A10DF3-63EC-43F1-A3BF-4000CFA118D2}.Debug|Any CPU.ActiveCfg = Debug|Any CPU
		{59A10DF3-63EC-43F1-A3BF-4000CFA118D2}.Debug|Any CPU.Build.0 = Debug|Any CPU
		{59A10DF3-63EC-43F1-A3BF-4000CFA118D2}.Release|Any CPU.ActiveCfg = Release|Any CPU
		{59A10DF3-63EC-43F1-A3BF-4000CFA118D2}.Release|Any CPU.Build.0 = Release|Any CPU
		{393B5B27-D15C-4F77-9457-FA14BA8F3C73}.Debug|Any CPU.ActiveCfg = Debug|Any CPU
		{393B5B27-D15C-4F77-9457-FA14BA8F3C73}.Debug|Any CPU.Build.0 = Debug|Any CPU
		{393B5B27-D15C-4F77-9457-FA14BA8F3C73}.Release|Any CPU.ActiveCfg = Release|Any CPU
		{393B5B27-D15C-4F77-9457-FA14BA8F3C73}.Release|Any CPU.Build.0 = Release|Any CPU
		{06882742-27A6-4347-97D9-56162CEC9C11}.Debug|Any CPU.ActiveCfg = Debug|Any CPU
		{06882742-27A6-4347-97D9-56162CEC9C11}.Debug|Any CPU.Build.0 = Debug|Any CPU
		{06882742-27A6-4347-97D9-56162CEC9C11}.Release|Any CPU.ActiveCfg = Release|Any CPU
		{06882742-27A6-4347-97D9-56162CEC9C11}.Release|Any CPU.Build.0 = Release|Any CPU
		{2E1F5DB4-40CC-4804-A893-5DCE0193E598}.Debug|Any CPU.ActiveCfg = Debug|Any CPU
		{2E1F5DB4-40CC-4804-A893-5DCE0193E598}.Debug|Any CPU.Build.0 = Debug|Any CPU
		{2E1F5DB4-40CC-4804-A893-5DCE0193E598}.Release|Any CPU.ActiveCfg = Release|Any CPU
		{2E1F5DB4-40CC-4804-A893-5DCE0193E598}.Release|Any CPU.Build.0 = Release|Any CPU
		{635F00E1-AAD1-45F7-BEB7-D909AD33B9F6}.Debug|Any CPU.ActiveCfg = Debug|Any CPU
		{635F00E1-AAD1-45F7-BEB7-D909AD33B9F6}.Debug|Any CPU.Build.0 = Debug|Any CPU
		{635F00E1-AAD1-45F7-BEB7-D909AD33B9F6}.Release|Any CPU.ActiveCfg = Release|Any CPU
		{635F00E1-AAD1-45F7-BEB7-D909AD33B9F6}.Release|Any CPU.Build.0 = Release|Any CPU
		{401865F5-1942-4713-B230-04544C0A97B0}.Debug|Any CPU.ActiveCfg = Debug|Any CPU
		{401865F5-1942-4713-B230-04544C0A97B0}.Debug|Any CPU.Build.0 = Debug|Any CPU
		{401865F5-1942-4713-B230-04544C0A97B0}.Release|Any CPU.ActiveCfg = Release|Any CPU
		{401865F5-1942-4713-B230-04544C0A97B0}.Release|Any CPU.Build.0 = Release|Any CPU
		{B95650EA-25F0-449E-BA5D-99126BC5D730}.Debug|Any CPU.ActiveCfg = Debug|Any CPU
		{B95650EA-25F0-449E-BA5D-99126BC5D730}.Debug|Any CPU.Build.0 = Debug|Any CPU
		{B95650EA-25F0-449E-BA5D-99126BC5D730}.Release|Any CPU.ActiveCfg = Release|Any CPU
		{B95650EA-25F0-449E-BA5D-99126BC5D730}.Release|Any CPU.Build.0 = Release|Any CPU
		{C5B21768-C7C9-4FCB-AC1E-187B223D5A98}.Debug|Any CPU.ActiveCfg = Debug|Any CPU
		{C5B21768-C7C9-4FCB-AC1E-187B223D5A98}.Debug|Any CPU.Build.0 = Debug|Any CPU
		{C5B21768-C7C9-4FCB-AC1E-187B223D5A98}.Release|Any CPU.ActiveCfg = Release|Any CPU
		{C5B21768-C7C9-4FCB-AC1E-187B223D5A98}.Release|Any CPU.Build.0 = Release|Any CPU
		{428163C3-D558-4914-B570-A92069521877}.Debug|Any CPU.ActiveCfg = Debug|Any CPU
		{428163C3-D558-4914-B570-A92069521877}.Debug|Any CPU.Build.0 = Debug|Any CPU
		{428163C3-D558-4914-B570-A92069521877}.Release|Any CPU.ActiveCfg = Release|Any CPU
		{428163C3-D558-4914-B570-A92069521877}.Release|Any CPU.Build.0 = Release|Any CPU
		{595E7C4D-506D-486D-98B7-5FDDF398D033}.Debug|Any CPU.ActiveCfg = Debug|Any CPU
		{595E7C4D-506D-486D-98B7-5FDDF398D033}.Debug|Any CPU.Build.0 = Debug|Any CPU
		{595E7C4D-506D-486D-98B7-5FDDF398D033}.Release|Any CPU.ActiveCfg = Release|Any CPU
		{595E7C4D-506D-486D-98B7-5FDDF398D033}.Release|Any CPU.Build.0 = Release|Any CPU
		{E86014F9-E4B3-4CD4-A210-2B3DB571DD86}.Debug|Any CPU.ActiveCfg = Debug|Any CPU
		{E86014F9-E4B3-4CD4-A210-2B3DB571DD86}.Debug|Any CPU.Build.0 = Debug|Any CPU
		{E86014F9-E4B3-4CD4-A210-2B3DB571DD86}.Release|Any CPU.ActiveCfg = Release|Any CPU
		{E86014F9-E4B3-4CD4-A210-2B3DB571DD86}.Release|Any CPU.Build.0 = Release|Any CPU
		{788294BE-0D8E-40D4-9CEE-67896FBB52CE}.Debug|Any CPU.ActiveCfg = Debug|Any CPU
		{788294BE-0D8E-40D4-9CEE-67896FBB52CE}.Debug|Any CPU.Build.0 = Debug|Any CPU
		{788294BE-0D8E-40D4-9CEE-67896FBB52CE}.Release|Any CPU.ActiveCfg = Release|Any CPU
		{788294BE-0D8E-40D4-9CEE-67896FBB52CE}.Release|Any CPU.Build.0 = Release|Any CPU
		{5B8FC827-BF58-4CB1-A59E-BDEB9C62A05E}.Debug|Any CPU.ActiveCfg = Debug|Any CPU
		{5B8FC827-BF58-4CB1-A59E-BDEB9C62A05E}.Debug|Any CPU.Build.0 = Debug|Any CPU
		{5B8FC827-BF58-4CB1-A59E-BDEB9C62A05E}.Release|Any CPU.ActiveCfg = Release|Any CPU
		{5B8FC827-BF58-4CB1-A59E-BDEB9C62A05E}.Release|Any CPU.Build.0 = Release|Any CPU
		{F2E04270-4551-41C4-99FF-E7125BED708C}.Debug|Any CPU.ActiveCfg = Debug|Any CPU
		{F2E04270-4551-41C4-99FF-E7125BED708C}.Debug|Any CPU.Build.0 = Debug|Any CPU
		{F2E04270-4551-41C4-99FF-E7125BED708C}.Release|Any CPU.ActiveCfg = Release|Any CPU
		{F2E04270-4551-41C4-99FF-E7125BED708C}.Release|Any CPU.Build.0 = Release|Any CPU
		{EB781571-8548-477E-82AD-FB9FAB548D2F}.Debug|Any CPU.ActiveCfg = Debug|Any CPU
		{EB781571-8548-477E-82AD-FB9FAB548D2F}.Debug|Any CPU.Build.0 = Debug|Any CPU
		{EB781571-8548-477E-82AD-FB9FAB548D2F}.Release|Any CPU.ActiveCfg = Release|Any CPU
		{EB781571-8548-477E-82AD-FB9FAB548D2F}.Release|Any CPU.Build.0 = Release|Any CPU
		{40C67036-C1A7-4FDF-AA83-8EC902E257F3}.Debug|Any CPU.ActiveCfg = Debug|Any CPU
		{40C67036-C1A7-4FDF-AA83-8EC902E257F3}.Debug|Any CPU.Build.0 = Debug|Any CPU
		{40C67036-C1A7-4FDF-AA83-8EC902E257F3}.Release|Any CPU.ActiveCfg = Release|Any CPU
		{40C67036-C1A7-4FDF-AA83-8EC902E257F3}.Release|Any CPU.Build.0 = Release|Any CPU
		{F612D06F-3134-4B9B-95CD-EB3FC798AE60}.Debug|Any CPU.ActiveCfg = Debug|Any CPU
		{F612D06F-3134-4B9B-95CD-EB3FC798AE60}.Debug|Any CPU.Build.0 = Debug|Any CPU
		{F612D06F-3134-4B9B-95CD-EB3FC798AE60}.Release|Any CPU.ActiveCfg = Release|Any CPU
		{F612D06F-3134-4B9B-95CD-EB3FC798AE60}.Release|Any CPU.Build.0 = Release|Any CPU
		{8A7B01D3-9830-44FD-91A1-D8D010996BEB}.Debug|Any CPU.ActiveCfg = Debug|Any CPU
		{8A7B01D3-9830-44FD-91A1-D8D010996BEB}.Debug|Any CPU.Build.0 = Debug|Any CPU
		{8A7B01D3-9830-44FD-91A1-D8D010996BEB}.Release|Any CPU.ActiveCfg = Release|Any CPU
		{8A7B01D3-9830-44FD-91A1-D8D010996BEB}.Release|Any CPU.Build.0 = Release|Any CPU
		{5C7005BA-7D83-4E99-8073-D970943A7D61}.Debug|Any CPU.ActiveCfg = Debug|Any CPU
		{5C7005BA-7D83-4E99-8073-D970943A7D61}.Debug|Any CPU.Build.0 = Debug|Any CPU
		{5C7005BA-7D83-4E99-8073-D970943A7D61}.Release|Any CPU.ActiveCfg = Release|Any CPU
		{5C7005BA-7D83-4E99-8073-D970943A7D61}.Release|Any CPU.Build.0 = Release|Any CPU
		{CC275937-DFE4-4383-B1BF-1D5D42B70C98}.Debug|Any CPU.ActiveCfg = Debug|Any CPU
		{CC275937-DFE4-4383-B1BF-1D5D42B70C98}.Debug|Any CPU.Build.0 = Debug|Any CPU
		{CC275937-DFE4-4383-B1BF-1D5D42B70C98}.Release|Any CPU.ActiveCfg = Release|Any CPU
		{CC275937-DFE4-4383-B1BF-1D5D42B70C98}.Release|Any CPU.Build.0 = Release|Any CPU
		{47325742-5B38-48E7-95FB-CD94E6E07332}.Debug|Any CPU.ActiveCfg = Debug|Any CPU
		{47325742-5B38-48E7-95FB-CD94E6E07332}.Debug|Any CPU.Build.0 = Debug|Any CPU
		{47325742-5B38-48E7-95FB-CD94E6E07332}.Release|Any CPU.ActiveCfg = Release|Any CPU
		{47325742-5B38-48E7-95FB-CD94E6E07332}.Release|Any CPU.Build.0 = Release|Any CPU
		{0520760A-9CFB-48A8-BCE4-6E951AFD6BE9}.Debug|Any CPU.ActiveCfg = Debug|Any CPU
		{0520760A-9CFB-48A8-BCE4-6E951AFD6BE9}.Debug|Any CPU.Build.0 = Debug|Any CPU
		{0520760A-9CFB-48A8-BCE4-6E951AFD6BE9}.Release|Any CPU.ActiveCfg = Release|Any CPU
		{0520760A-9CFB-48A8-BCE4-6E951AFD6BE9}.Release|Any CPU.Build.0 = Release|Any CPU
		{357DF797-4EC2-4DBD-A4BD-D045277F2666}.Debug|Any CPU.ActiveCfg = Debug|Any CPU
		{357DF797-4EC2-4DBD-A4BD-D045277F2666}.Debug|Any CPU.Build.0 = Debug|Any CPU
		{357DF797-4EC2-4DBD-A4BD-D045277F2666}.Release|Any CPU.ActiveCfg = Release|Any CPU
		{357DF797-4EC2-4DBD-A4BD-D045277F2666}.Release|Any CPU.Build.0 = Release|Any CPU
		{ECED4E13-B676-4277-8A8F-C8B2507B7D8C}.Debug|Any CPU.ActiveCfg = Debug|Any CPU
		{ECED4E13-B676-4277-8A8F-C8B2507B7D8C}.Debug|Any CPU.Build.0 = Debug|Any CPU
		{ECED4E13-B676-4277-8A8F-C8B2507B7D8C}.Release|Any CPU.ActiveCfg = Release|Any CPU
		{ECED4E13-B676-4277-8A8F-C8B2507B7D8C}.Release|Any CPU.Build.0 = Release|Any CPU
		{5F65A509-26E3-4B02-B403-EEB6F0EF391F}.Debug|Any CPU.ActiveCfg = Debug|Any CPU
		{5F65A509-26E3-4B02-B403-EEB6F0EF391F}.Debug|Any CPU.Build.0 = Debug|Any CPU
		{5F65A509-26E3-4B02-B403-EEB6F0EF391F}.Release|Any CPU.ActiveCfg = Release|Any CPU
		{5F65A509-26E3-4B02-B403-EEB6F0EF391F}.Release|Any CPU.Build.0 = Release|Any CPU
		{E90C4651-AF11-41B4-A839-10082D0391F9}.Debug|Any CPU.ActiveCfg = Debug|Any CPU
		{E90C4651-AF11-41B4-A839-10082D0391F9}.Debug|Any CPU.Build.0 = Debug|Any CPU
		{E90C4651-AF11-41B4-A839-10082D0391F9}.Release|Any CPU.ActiveCfg = Release|Any CPU
		{E90C4651-AF11-41B4-A839-10082D0391F9}.Release|Any CPU.Build.0 = Release|Any CPU
		{DF6FBE88-A9A0-4CED-86B4-F35A130F349D}.Debug|Any CPU.ActiveCfg = Debug|Any CPU
		{DF6FBE88-A9A0-4CED-86B4-F35A130F349D}.Debug|Any CPU.Build.0 = Debug|Any CPU
		{DF6FBE88-A9A0-4CED-86B4-F35A130F349D}.Release|Any CPU.ActiveCfg = Release|Any CPU
		{DF6FBE88-A9A0-4CED-86B4-F35A130F349D}.Release|Any CPU.Build.0 = Release|Any CPU
		{093E79B6-9A57-46FE-8406-DB16BADAD427}.Debug|Any CPU.ActiveCfg = Debug|Any CPU
		{093E79B6-9A57-46FE-8406-DB16BADAD427}.Debug|Any CPU.Build.0 = Debug|Any CPU
		{093E79B6-9A57-46FE-8406-DB16BADAD427}.Release|Any CPU.ActiveCfg = Release|Any CPU
		{093E79B6-9A57-46FE-8406-DB16BADAD427}.Release|Any CPU.Build.0 = Release|Any CPU
	EndGlobalSection
	GlobalSection(SolutionProperties) = preSolution
		HideSolutionNode = FALSE
	EndGlobalSection
	GlobalSection(NestedProjects) = preSolution
		{8BD8E012-F44F-4EE2-A234-D66C14D5FE4B} = {7FBBB086-0807-4998-85BF-6D1A49C8AD05}
		{1AE65B61-9C05-4C80-ABFF-48F16E22FDF1} = {F0CBB7A7-D3FB-41FF-8F47-CF3F6A592249}
		{59A10DF3-63EC-43F1-A3BF-4000CFA118D2} = {751093DD-5DBA-463E-ADBE-E05FAFB6983E}
		{393B5B27-D15C-4F77-9457-FA14BA8F3C73} = {41CDCC73-9B81-49DD-9570-C54406E852AF}
		{06882742-27A6-4347-97D9-56162CEC9C11} = {F0CBB7A7-D3FB-41FF-8F47-CF3F6A592249}
		{2E1F5DB4-40CC-4804-A893-5DCE0193E598} = {41CDCC73-9B81-49DD-9570-C54406E852AF}
		{635F00E1-AAD1-45F7-BEB7-D909AD33B9F6} = {53758A35-1C7E-4702-9B96-433ABA457B37}
		{401865F5-1942-4713-B230-04544C0A97B0} = {41CDCC73-9B81-49DD-9570-C54406E852AF}
		{B95650EA-25F0-449E-BA5D-99126BC5D730} = {41CDCC73-9B81-49DD-9570-C54406E852AF}
		{C5B21768-C7C9-4FCB-AC1E-187B223D5A98} = {67E66E82-5532-4440-AFB3-9FB1DF9DEF53}
		{428163C3-D558-4914-B570-A92069521877} = {47E27674-595D-4F7A-8CFB-127E768E1D1E}
		{595E7C4D-506D-486D-98B7-5FDDF398D033} = {8679CAC8-9164-4007-BDD2-F004810EDA14}
		{E86014F9-E4B3-4CD4-A210-2B3DB571DD86} = {43E3ACB3-E0BC-4370-8DBB-E3720C8C8FD1}
		{788294BE-0D8E-40D4-9CEE-67896FBB52CE} = {67E66E82-5532-4440-AFB3-9FB1DF9DEF53}
		{5B8FC827-BF58-4CB1-A59E-BDEB9C62A05E} = {67E66E82-5532-4440-AFB3-9FB1DF9DEF53}
		{F2E04270-4551-41C4-99FF-E7125BED708C} = {67E66E82-5532-4440-AFB3-9FB1DF9DEF53}
		{EB781571-8548-477E-82AD-FB9FAB548D2F} = {67E66E82-5532-4440-AFB3-9FB1DF9DEF53}
		{40C67036-C1A7-4FDF-AA83-8EC902E257F3} = {FDDABAFE-35AD-42FC-AC95-0B1FE0DF0DDE}
		{F612D06F-3134-4B9B-95CD-EB3FC798AE60} = {53758A35-1C7E-4702-9B96-433ABA457B37}
		{8A7B01D3-9830-44FD-91A1-D8D010996BEB} = {FDDABAFE-35AD-42FC-AC95-0B1FE0DF0DDE}
		{5C7005BA-7D83-4E99-8073-D970943A7D61} = {FDDABAFE-35AD-42FC-AC95-0B1FE0DF0DDE}
		{59DF46F3-ECD0-43CA-AD12-3FEE8FCF9E4F} = {185AC9FF-381E-4AA1-B649-9771F4917214}
		{CC275937-DFE4-4383-B1BF-1D5D42B70C98} = {59DF46F3-ECD0-43CA-AD12-3FEE8FCF9E4F}
		{47325742-5B38-48E7-95FB-CD94E6E07332} = {59DF46F3-ECD0-43CA-AD12-3FEE8FCF9E4F}
		{0520760A-9CFB-48A8-BCE4-6E951AFD6BE9} = {59DF46F3-ECD0-43CA-AD12-3FEE8FCF9E4F}
		{9B906374-1142-4D69-86FF-B384806CA5FE} = {8679CAC8-9164-4007-BDD2-F004810EDA14}
		{357DF797-4EC2-4DBD-A4BD-D045277F2666} = {9B906374-1142-4D69-86FF-B384806CA5FE}
		{ECED4E13-B676-4277-8A8F-C8B2507B7D8C} = {9B906374-1142-4D69-86FF-B384806CA5FE}
		{5F65A509-26E3-4B02-B403-EEB6F0EF391F} = {9B906374-1142-4D69-86FF-B384806CA5FE}
		{E90C4651-AF11-41B4-A839-10082D0391F9} = {53758A35-1C7E-4702-9B96-433ABA457B37}
		{FDDABAFE-35AD-42FC-AC95-0B1FE0DF0DDE} = {8679CAC8-9164-4007-BDD2-F004810EDA14}
		{53758A35-1C7E-4702-9B96-433ABA457B37} = {8679CAC8-9164-4007-BDD2-F004810EDA14}
		{47E27674-595D-4F7A-8CFB-127E768E1D1E} = {8679CAC8-9164-4007-BDD2-F004810EDA14}
	EndGlobalSection
	GlobalSection(ExtensibilityGlobals) = postSolution
		SolutionGuid = {615E00ED-BAEF-4E8E-A92A-9B82D87942A9}
	EndGlobalSection
EndGlobal
